Microsoft Visual Studio Solution File, Format Version 12.00
# Visual Studio Version 17
VisualStudioVersion = 17.5.2.0
MinimumVisualStudioVersion = 10.0.40219.1
Project("{FAE04EC0-301F-11D3-BF4B-00C04F79EFBC}") = "PDF4MeConverter", "PDF4MeConverter\PDF4MeConverter.csproj", "{46B9CF0F-0FB8-4255-4630-43A379020EF1}"
EndProject
Global
	GlobalSection(SolutionConfigurationPlatforms) = preSolution
		Debug|Any CPU = Debug|Any CPU
		Release|Any CPU = Release|Any CPU
	EndGlobalSection
	GlobalSection(ProjectConfigurationPlatforms) = postSolution
		{46B9CF0F-0FB8-4255-4630-43A379020EF1}.Debug|Any CPU.ActiveCfg = Debug|Any CPU
		{46B9CF0F-0FB8-4255-4630-43A379020EF1}.Debug|Any CPU.Build.0 = Debug|Any CPU
		{46B9CF0F-0FB8-4255-4630-43A379020EF1}.Release|Any CPU.ActiveCfg = Release|Any CPU
		{46B9CF0F-0FB8-4255-4630-43A379020EF1}.Release|Any CPU.Build.0 = Release|Any CPU
	EndGlobalSection
	GlobalSection(SolutionProperties) = preSolution
		HideSolutionNode = FALSE
	EndGlobalSection
	GlobalSection(ExtensibilityGlobals) = postSolution
		SolutionGuid = {CDF71816-0FEE-47FA-9869-BD3C4DE42C9D}
	EndGlobalSection
EndGlobal
